
Microsoft Visual Studio Solution File, Format Version 12.00
Project("{FAE04EC0-301F-11D3-BF4B-00C04F79EFBC}") = "CS2-TTT", "CS2-TTT\CS2-TTT.csproj", "{FE83D2AA-86B8-4946-A907-A2091B0928CF}"
EndProject
Global
	GlobalSection(SolutionConfigurationPlatforms) = preSolution
		Debug|Any CPU = Debug|Any CPU
		Release|Any CPU = Release|Any CPU
	EndGlobalSection
	GlobalSection(ProjectConfigurationPlatforms) = postSolution
		{FE83D2AA-86B8-4946-A907-A2091B0928CF}.Debug|Any CPU.ActiveCfg = Debug|Any CPU
		{FE83D2AA-86B8-4946-A907-A2091B0928CF}.Debug|Any CPU.Build.0 = Debug|Any CPU
		{FE83D2AA-86B8-4946-A907-A2091B0928CF}.Release|Any CPU.ActiveCfg = Release|Any CPU
		{FE83D2AA-86B8-4946-A907-A2091B0928CF}.Release|Any CPU.Build.0 = Release|Any CPU
	EndGlobalSection
EndGlobal
